
Microsoft Visual Studio Solution File, Format Version 12.00
# Visual Studio Version 17
VisualStudioVersion = 17.10.35122.118
MinimumVisualStudioVersion = 10.0.40219.1
Project("{FAE04EC0-301F-11D3-BF4B-00C04F79EFBC}") = "Train_Station", "Train_Station\Train_Station.csproj", "{832B1FF3-2F31-4B39-8ED3-7D422368E847}"
EndProject
Global
	GlobalSection(SolutionConfigurationPlatforms) = preSolution
		Debug|Any CPU = Debug|Any CPU
		Release|Any CPU = Release|Any CPU
	EndGlobalSection
	GlobalSection(ProjectConfigurationPlatforms) = postSolution
		{832B1FF3-2F31-4B39-8ED3-7D422368E847}.Debug|Any CPU.ActiveCfg = Debug|Any CPU
		{832B1FF3-2F31-4B39-8ED3-7D422368E847}.Debug|Any CPU.Build.0 = Debug|Any CPU
		{832B1FF3-2F31-4B39-8ED3-7D422368E847}.Release|Any CPU.ActiveCfg = Release|Any CPU
		{832B1FF3-2F31-4B39-8ED3-7D422368E847}.Release|Any CPU.Build.0 = Release|Any CPU
	EndGlobalSection
	GlobalSection(SolutionProperties) = preSolution
		HideSolutionNode = FALSE
	EndGlobalSection
	GlobalSection(ExtensibilityGlobals) = postSolution
		SolutionGuid = {1B2910A5-D216-453C-98C1-944211289D9D}
	EndGlobalSection
EndGlobal
